Microsoft Visual Studio Solution File, Format Version 8.00
Project("{FAE04EC0-301F-11D3-BF4B-00C04F79EFBC}") = "CODEXLINKXML", "CODEXLINKXML.csproj", "{712D6F73-594F-4637-A461-DFEB55C15E19}"
	ProjectSection(ProjectDependencies) = postProject
	EndProjectSection
EndProject
Global
	GlobalSection(SolutionConfiguration) = preSolution
		Debug = Debug
		Release = Release
	EndGlobalSection
	GlobalSection(ProjectConfiguration) = postSolution
		{712D6F73-594F-4637-A461-DFEB55C15E19}.Debug.ActiveCfg = Debug|.NET
		{712D6F73-594F-4637-A461-DFEB55C15E19}.Debug.Build.0 = Debug|.NET
		{712D6F73-594F-4637-A461-DFEB55C15E19}.Release.ActiveCfg = Release|.NET
		{712D6F73-594F-4637-A461-DFEB55C15E19}.Release.Build.0 = Release|.NET
	EndGlobalSection
	GlobalSection(ExtensibilityGlobals) = postSolution
	EndGlobalSection
	GlobalSection(ExtensibilityAddIns) = postSolution
	EndGlobalSection
EndGlobal
