Microsoft Visual Studio Solution File, Format Version 8.00
Project("{FAE04EC0-301F-11D3-BF4B-00C04F79EFBC}") = "DatePickerG", "DatePickerG.csproj", "{20A8B093-A38A-4303-91F1-8C4A03537F48}"
	ProjectSection(ProjectDependencies) = postProject
	EndProjectSection
EndProject
Global
	GlobalSection(SolutionConfiguration) = preSolution
		Debug = Debug
		Release = Release
	EndGlobalSection
	GlobalSection(ProjectConfiguration) = postSolution
		{20A8B093-A38A-4303-91F1-8C4A03537F48}.Debug.ActiveCfg = Debug|.NET
		{20A8B093-A38A-4303-91F1-8C4A03537F48}.Debug.Build.0 = Debug|.NET
		{20A8B093-A38A-4303-91F1-8C4A03537F48}.Release.ActiveCfg = Release|.NET
		{20A8B093-A38A-4303-91F1-8C4A03537F48}.Release.Build.0 = Release|.NET
	EndGlobalSection
	GlobalSection(ExtensibilityGlobals) = postSolution
	EndGlobalSection
	GlobalSection(ExtensibilityAddIns) = postSolution
	EndGlobalSection
EndGlobal
