Microsoft Visual Studio Solution File, Format Version 10.00
# Visual Studio 2008
Project("{FAE04EC0-301F-11D3-BF4B-00C04F79EFBC}") = "CodexString", "CodexString.csproj", "{72FCB7BE-5074-47FF-AA13-A5B4C6C2C41A}"
EndProject
Global
	GlobalSection(SolutionConfigurationPlatforms) = preSolution
		Debug|Any CPU = Debug|Any CPU
		Release|Any CPU = Release|Any CPU
	EndGlobalSection
	GlobalSection(ProjectConfigurationPlatforms) = postSolution
		{72FCB7BE-5074-47FF-AA13-A5B4C6C2C41A}.Debug|Any CPU.ActiveCfg = Debug|Any CPU
		{72FCB7BE-5074-47FF-AA13-A5B4C6C2C41A}.Debug|Any CPU.Build.0 = Debug|Any CPU
		{72FCB7BE-5074-47FF-AA13-A5B4C6C2C41A}.Release|Any CPU.ActiveCfg = Release|Any CPU
		{72FCB7BE-5074-47FF-AA13-A5B4C6C2C41A}.Release|Any CPU.Build.0 = Release|Any CPU
	EndGlobalSection
	GlobalSection(SolutionProperties) = preSolution
		HideSolutionNode = FALSE
	EndGlobalSection
EndGlobal
