Microsoft Visual Studio Solution File, Format Version 8.00
Project("{FAE04EC0-301F-11D3-BF4B-00C04F79EFBC}") = "ILGMessageBox", "ILGMessageBox.csproj", "{C86EC613-7DCA-4A7A-914B-C67B1AD31851}"
	ProjectSection(ProjectDependencies) = postProject
	EndProjectSection
EndProject
Global
	GlobalSection(SolutionConfiguration) = preSolution
		Debug = Debug
		Release = Release
	EndGlobalSection
	GlobalSection(ProjectConfiguration) = postSolution
		{C86EC613-7DCA-4A7A-914B-C67B1AD31851}.Debug.ActiveCfg = Debug|.NET
		{C86EC613-7DCA-4A7A-914B-C67B1AD31851}.Debug.Build.0 = Debug|.NET
		{C86EC613-7DCA-4A7A-914B-C67B1AD31851}.Release.ActiveCfg = Release|.NET
		{C86EC613-7DCA-4A7A-914B-C67B1AD31851}.Release.Build.0 = Release|.NET
	EndGlobalSection
	GlobalSection(ExtensibilityGlobals) = postSolution
	EndGlobalSection
	GlobalSection(ExtensibilityAddIns) = postSolution
	EndGlobalSection
EndGlobal
