
Microsoft Visual Studio Solution File, Format Version 10.00
# Visual Studio 2008
Project("{FAE04EC0-301F-11D3-BF4B-00C04F79EFBC}") = "CodexDS", "CodexProgram\CodexDS.csproj", "{751A9B2E-766F-4402-94D2-3E9F3870DDF4}"
EndProject
Project("{FAE04EC0-301F-11D3-BF4B-00C04F79EFBC}") = "CodexListBoxDS", "..\CodexCommon\CodexListBox\CodexListBoxDS.csproj", "{6D9E3C21-10A3-4294-846E-4F995D002DDA}"
EndProject
Project("{FAE04EC0-301F-11D3-BF4B-00C04F79EFBC}") = "LinksListBoxDS", "..\CodexCommon\LinkListBox\LinksListBoxDS.csproj", "{BDC90805-F3A8-4C66-A092-DC68ED756ACC}"
EndProject
Project("{FAE04EC0-301F-11D3-BF4B-00C04F79EFBC}") = "Access", "Access\Access.csproj", "{B746F3EB-0F47-41AD-8836-FC0A5B1E1CD9}"
EndProject
Global
	GlobalSection(SolutionConfigurationPlatforms) = preSolution
		Debug|Any CPU = Debug|Any CPU
		Debug|Mixed Platforms = Debug|Mixed Platforms
		Debug|Win32 = Debug|Win32
		Release|Any CPU = Release|Any CPU
		Release|Mixed Platforms = Release|Mixed Platforms
		Release|Win32 = Release|Win32
	EndGlobalSection
	GlobalSection(ProjectConfigurationPlatforms) = postSolution
		{751A9B2E-766F-4402-94D2-3E9F3870DDF4}.Debug|Any CPU.ActiveCfg = Debug|Any CPU
		{751A9B2E-766F-4402-94D2-3E9F3870DDF4}.Debug|Any CPU.Build.0 = Debug|Any CPU
		{751A9B2E-766F-4402-94D2-3E9F3870DDF4}.Debug|Mixed Platforms.ActiveCfg = Debug|Any CPU
		{751A9B2E-766F-4402-94D2-3E9F3870DDF4}.Debug|Mixed Platforms.Build.0 = Debug|Any CPU
		{751A9B2E-766F-4402-94D2-3E9F3870DDF4}.Debug|Win32.ActiveCfg = Debug|Any CPU
		{751A9B2E-766F-4402-94D2-3E9F3870DDF4}.Release|Any CPU.ActiveCfg = Release|Any CPU
		{751A9B2E-766F-4402-94D2-3E9F3870DDF4}.Release|Any CPU.Build.0 = Release|Any CPU
		{751A9B2E-766F-4402-94D2-3E9F3870DDF4}.Release|Mixed Platforms.ActiveCfg = Release|Any CPU
		{751A9B2E-766F-4402-94D2-3E9F3870DDF4}.Release|Mixed Platforms.Build.0 = Release|Any CPU
		{751A9B2E-766F-4402-94D2-3E9F3870DDF4}.Release|Win32.ActiveCfg = Release|Any CPU
		{6D9E3C21-10A3-4294-846E-4F995D002DDA}.Debug|Any CPU.ActiveCfg = Debug|Any CPU
		{6D9E3C21-10A3-4294-846E-4F995D002DDA}.Debug|Any CPU.Build.0 = Debug|Any CPU
		{6D9E3C21-10A3-4294-846E-4F995D002DDA}.Debug|Mixed Platforms.ActiveCfg = Debug|Any CPU
		{6D9E3C21-10A3-4294-846E-4F995D002DDA}.Debug|Mixed Platforms.Build.0 = Debug|Any CPU
		{6D9E3C21-10A3-4294-846E-4F995D002DDA}.Debug|Win32.ActiveCfg = Debug|Any CPU
		{6D9E3C21-10A3-4294-846E-4F995D002DDA}.Release|Any CPU.ActiveCfg = Release|Any CPU
		{6D9E3C21-10A3-4294-846E-4F995D002DDA}.Release|Any CPU.Build.0 = Release|Any CPU
		{6D9E3C21-10A3-4294-846E-4F995D002DDA}.Release|Mixed Platforms.ActiveCfg = Release|Any CPU
		{6D9E3C21-10A3-4294-846E-4F995D002DDA}.Release|Mixed Platforms.Build.0 = Release|Any CPU
		{6D9E3C21-10A3-4294-846E-4F995D002DDA}.Release|Win32.ActiveCfg = Release|Any CPU
		{BDC90805-F3A8-4C66-A092-DC68ED756ACC}.Debug|Any CPU.ActiveCfg = Debug|Any CPU
		{BDC90805-F3A8-4C66-A092-DC68ED756ACC}.Debug|Any CPU.Build.0 = Debug|Any CPU
		{BDC90805-F3A8-4C66-A092-DC68ED756ACC}.Debug|Mixed Platforms.ActiveCfg = Debug|Any CPU
		{BDC90805-F3A8-4C66-A092-DC68ED756ACC}.Debug|Mixed Platforms.Build.0 = Debug|Any CPU
		{BDC90805-F3A8-4C66-A092-DC68ED756ACC}.Debug|Win32.ActiveCfg = Debug|Any CPU
		{BDC90805-F3A8-4C66-A092-DC68ED756ACC}.Release|Any CPU.ActiveCfg = Release|Any CPU
		{BDC90805-F3A8-4C66-A092-DC68ED756ACC}.Release|Any CPU.Build.0 = Release|Any CPU
		{BDC90805-F3A8-4C66-A092-DC68ED756ACC}.Release|Mixed Platforms.ActiveCfg = Release|Any CPU
		{BDC90805-F3A8-4C66-A092-DC68ED756ACC}.Release|Mixed Platforms.Build.0 = Release|Any CPU
		{BDC90805-F3A8-4C66-A092-DC68ED756ACC}.Release|Win32.ActiveCfg = Release|Any CPU
		{B746F3EB-0F47-41AD-8836-FC0A5B1E1CD9}.Debug|Any CPU.ActiveCfg = Debug|Any CPU
		{B746F3EB-0F47-41AD-8836-FC0A5B1E1CD9}.Debug|Any CPU.Build.0 = Debug|Any CPU
		{B746F3EB-0F47-41AD-8836-FC0A5B1E1CD9}.Debug|Mixed Platforms.ActiveCfg = Debug|Any CPU
		{B746F3EB-0F47-41AD-8836-FC0A5B1E1CD9}.Debug|Mixed Platforms.Build.0 = Debug|Any CPU
		{B746F3EB-0F47-41AD-8836-FC0A5B1E1CD9}.Debug|Win32.ActiveCfg = Debug|Any CPU
		{B746F3EB-0F47-41AD-8836-FC0A5B1E1CD9}.Release|Any CPU.ActiveCfg = Release|Any CPU
		{B746F3EB-0F47-41AD-8836-FC0A5B1E1CD9}.Release|Any CPU.Build.0 = Release|Any CPU
		{B746F3EB-0F47-41AD-8836-FC0A5B1E1CD9}.Release|Mixed Platforms.ActiveCfg = Release|Any CPU
		{B746F3EB-0F47-41AD-8836-FC0A5B1E1CD9}.Release|Mixed Platforms.Build.0 = Release|Any CPU
		{B746F3EB-0F47-41AD-8836-FC0A5B1E1CD9}.Release|Win32.ActiveCfg = Release|Any CPU
	EndGlobalSection
	GlobalSection(SolutionProperties) = preSolution
		HideSolutionNode = FALSE
	EndGlobalSection
EndGlobal
